{
		"name": "ShowPlayerPopulation",
		"lockfileVersion": 3,
		"requires": true,
		"packages": {
				"": {
						"hasInstallScript": true,
						"dependencies": {
								"git-format-staged": "^3.1.1",
								"husky": "^9.0.11"
						}
				},
				">=3.0.0/;": {
						"extraneous": true
				},
				">=9.0.0/;": {
						"extraneous": true
				},
				"node_modules/git-format-staged": {
						"version": "3.1.1",
						"resolved": "https://registry.npmjs.org/git-format-staged/-/git-format-staged-3.1.1.tgz",
						"integrity": "sha512-P749fkktaiAchFZKR7bgdvruzhvbcIDr1uRBrS9/Wdimb7wH1Twchz9gOixj8tUaHVMuXY/ckDojfOwV6AxgPA==",
						"bin": {
								"git-format-staged": "git-format-staged"
						}
				},
				"node_modules/husky": {
						"version": "9.0.11",
						"resolved": "https://registry.npmjs.org/husky/-/husky-9.0.11.tgz",
						"integrity": "sha512-AB6lFlbwwyIqMdHYhwPe+kjOC3Oc5P3nThEoW/AaO2BX3vJDjWPFxYLxokUZOo6RNX20He3AaT8sESs9NJcmEw==",
						"bin": {
								"husky": "bin.mjs"
						},
						"engines": {
								"node": ">=18"
						},
						"funding": {
								"url": "https://github.com/sponsors/typicode"
						}
				}
		}
}
