<?xml version="1.0" encoding="utf-8"?>
<Project ToolsVersion="4.0" xmlns="http://schemas.microsoft.com/developer/msbuild/2003">
  <PropertyGroup Label="Globals">
    <BakkesModPath>$(registry:HKEY_CURRENT_USER\Software\BakkesMod\AppPath@BakkesModPath)</BakkesModPath>
  </PropertyGroup>
  <ItemGroup>
    <Filter Include="Source Files">
      <UniqueIdentifier>{4FC737F1-C7A5-4376-A066-2A32D752A2FF}</UniqueIdentifier>
      <Extensions>cpp;c;cc;cxx;c++;cppm;ixx;def;odl;idl;hpj;bat;asm;asmx</Extensions>
    </Filter>
    <Filter Include="Header Files">
      <UniqueIdentifier>{93995380-89BD-4b04-88EB-625FBE52EBFB}</UniqueIdentifier>
      <Extensions>h;hh;hpp;hxx;h++;hm;inl;inc;ipp;xsd</Extensions>
    </Filter>
    <Filter Include="Resource Files">
      <UniqueIdentifier>{67DA6AB6-F800-4c08-8B7A-83BB121AAD01}</UniqueIdentifier>
      <Extensions>rc;ico;cur;bmp;dlg;rc2;rct;bin;rgs;gif;jpg;jpeg;jpe;resx;tiff;tif;png;wav;mfcribbon-ms</Extensions>
    </Filter>
    <Filter Include="IMGUI">
      <UniqueIdentifier>{1bf6b855-36f0-41be-80c8-3840eecaf262}</UniqueIdentifier>
    </Filter>
    <Filter Include="IMPLOT">
      <UniqueIdentifier>{a7f34aa1-f604-4d9e-acd3-425ba68b096f}</UniqueIdentifier>
    </Filter>
    <Filter Include="IMGUI_SUGAR">
      <UniqueIdentifier>{6516c895-ccf1-4bb0-b0cd-313cbfad171c}</UniqueIdentifier>
    </Filter>
    <Filter Include="husky">
      <UniqueIdentifier>{a965d932-bdf2-4257-9d58-966c7cbd2cb3}</UniqueIdentifier>
    </Filter>
  </ItemGroup>
  <ItemGroup>
    <None Include="vs_property_pages\BakkesMod.props" />
    <None Include="..\vcpkg.json" />
    <None Include="..\vcpkg-configuration.json" />
    <None Include="..\package.json" />
    <None Include="..\package-lock.json" />
    <None Include="..\.husky\pre-commit">
      <Filter>husky</Filter>
    </None>
  </ItemGroup>
  <ItemGroup>
    <ClCompile Include="ShowPlayerPopulation.cpp">
      <Filter>Source Files</Filter>
    </ClCompile>
    <ClCompile Include="..\bakkesmodsdk\include\bakkesmod\imgui\imguivariouscontrols.cpp">
      <Filter>IMGUI</Filter>
    </ClCompile>
    <ClCompile Include="..\bakkesmodsdk\include\bakkesmod\imgui\imgui.cpp">
      <Filter>IMGUI</Filter>
    </ClCompile>
    <ClCompile Include="..\bakkesmodsdk\include\bakkesmod\imgui\imgui_additions.cpp">
      <Filter>IMGUI</Filter>
    </ClCompile>
    <ClCompile Include="..\bakkesmodsdk\include\bakkesmod\imgui\imgui_draw.cpp">
      <Filter>IMGUI</Filter>
    </ClCompile>
    <ClCompile Include="..\bakkesmodsdk\include\bakkesmod\imgui\imgui_impl_dx11.cpp">
      <Filter>IMGUI</Filter>
    </ClCompile>
    <ClCompile Include="..\bakkesmodsdk\include\bakkesmod\imgui\imgui_impl_win32.cpp">
      <Filter>IMGUI</Filter>
    </ClCompile>
    <ClCompile Include="..\bakkesmodsdk\include\bakkesmod\imgui\imgui_rangeslider.cpp">
      <Filter>IMGUI</Filter>
    </ClCompile>
    <ClCompile Include="..\bakkesmodsdk\include\bakkesmod\imgui\imgui_searchablecombo.cpp">
      <Filter>IMGUI</Filter>
    </ClCompile>
    <ClCompile Include="..\bakkesmodsdk\include\bakkesmod\imgui\imgui_timeline.cpp">
      <Filter>IMGUI</Filter>
    </ClCompile>
    <ClCompile Include="..\bakkesmodsdk\include\bakkesmod\imgui\imgui_widgets.cpp">
      <Filter>IMGUI</Filter>
    </ClCompile>
    <ClCompile Include="..\implot_bakkesmod\implot.cpp">
      <Filter>IMPLOT</Filter>
    </ClCompile>
  </ItemGroup>
  <ItemGroup>
    <ClInclude Include="ShowPlayerPopulation.h">
      <Filter>Header Files</Filter>
    </ClInclude>
    <ClInclude Include="Logger.h">
      <Filter>Header Files</Filter>
    </ClInclude>
    <ClInclude Include="HookedEvents.h">
      <Filter>Header Files</Filter>
    </ClInclude>
    <ClInclude Include="bm_helper.h">
      <Filter>Header Files</Filter>
    </ClInclude>
    <ClInclude Include="..\imgui_sugar\imgui_sugar.hpp">
      <Filter>IMGUI_SUGAR</Filter>
    </ClInclude>
    <ClInclude Include="..\implot_bakkesmod\implot.h">
      <Filter>IMPLOT</Filter>
    </ClInclude>
    <ClInclude Include="..\bakkesmodsdk\include\bakkesmod\imgui\imstb_truetype.h">
      <Filter>IMGUI</Filter>
    </ClInclude>
    <ClInclude Include="..\bakkesmodsdk\include\bakkesmod\imgui\imgui.h">
      <Filter>IMGUI</Filter>
    </ClInclude>
    <ClInclude Include="..\bakkesmodsdk\include\bakkesmod\imgui\imgui_additions.h">
      <Filter>IMGUI</Filter>
    </ClInclude>
    <ClInclude Include="..\bakkesmodsdk\include\bakkesmod\imgui\imgui_impl_dx11.h">
      <Filter>IMGUI</Filter>
    </ClInclude>
    <ClInclude Include="..\bakkesmodsdk\include\bakkesmod\imgui\imgui_impl_win32.h">
      <Filter>IMGUI</Filter>
    </ClInclude>
    <ClInclude Include="..\bakkesmodsdk\include\bakkesmod\imgui\imgui_internal.h">
      <Filter>IMGUI</Filter>
    </ClInclude>
    <ClInclude Include="..\bakkesmodsdk\include\bakkesmod\imgui\imgui_rangeslider.h">
      <Filter>IMGUI</Filter>
    </ClInclude>
    <ClInclude Include="..\bakkesmodsdk\include\bakkesmod\imgui\imgui_searchablecombo.h">
      <Filter>IMGUI</Filter>
    </ClInclude>
    <ClInclude Include="..\bakkesmodsdk\include\bakkesmod\imgui\imgui_timeline.h">
      <Filter>IMGUI</Filter>
    </ClInclude>
    <ClInclude Include="..\bakkesmodsdk\include\bakkesmod\imgui\imguivariouscontrols.h">
      <Filter>IMGUI</Filter>
    </ClInclude>
    <ClInclude Include="..\bakkesmodsdk\include\bakkesmod\imgui\imstb_rectpack.h">
      <Filter>IMGUI</Filter>
    </ClInclude>
    <ClInclude Include="..\bakkesmodsdk\include\bakkesmod\imgui\imstb_textedit.h">
      <Filter>IMGUI</Filter>
    </ClInclude>
    <ClInclude Include="..\bakkesmodsdk\include\bakkesmod\imgui\imconfig.h">
      <Filter>IMGUI</Filter>
    </ClInclude>
    <ClInclude Include="imgui_helper.h">
      <Filter>Header Files</Filter>
    </ClInclude>
  </ItemGroup>
</Project>